
Microsoft Visual Studio Solution File, Format Version 12.00
# Visual Studio Version 17
VisualStudioVersion = 17.0.31903.59
MinimumVisualStudioVersion = 10.0.40219.1
Project("{2150E333-8FDC-42A3-9474-1A3956D46DE8}") = "src", "src", "{78B7D09E-D400-4763-9375-5663C921C4E1}"
EndProject
Project("{2150E333-8FDC-42A3-9474-1A3956D46DE8}") = "tests", "tests", "{DA53D0B3-59AA-4DD6-9DD8-DA3FB91B471E}"
EndProject
Project("{FAE04EC0-301F-11D3-BF4B-00C04F79EFBC}") = "Infrastructure", "src\Infrastructure\Infrastructure.csproj", "{8FC932AE-CEDC-418A-B173-5A810D848BB7}"
EndProject
Project("{FAE04EC0-301F-11D3-BF4B-00C04F79EFBC}") = "Application", "src\Application\Application.csproj", "{86F9BF87-207D-4AC8-81C5-487AFEA92320}"
EndProject
Project("{FAE04EC0-301F-11D3-BF4B-00C04F79EFBC}") = "Domain", "src\Domain\Domain.csproj", "{F1E82974-1B7E-45B4-B6F6-62074C445A25}"
EndProject
Project("{FAE04EC0-301F-11D3-BF4B-00C04F79EFBC}") = "Api", "src\Api\Api.csproj", "{573D5E93-E7D6-4EA9-8C33-E826DF6C7ED2}"
EndProject
Global
	GlobalSection(SolutionConfigurationPlatforms) = preSolution
		Debug|Any CPU = Debug|Any CPU
		Release|Any CPU = Release|Any CPU
	EndGlobalSection
	GlobalSection(SolutionProperties) = preSolution
		HideSolutionNode = FALSE
	EndGlobalSection
	GlobalSection(NestedProjects) = preSolution
		{8FC932AE-CEDC-418A-B173-5A810D848BB7} = {78B7D09E-D400-4763-9375-5663C921C4E1}
		{86F9BF87-207D-4AC8-81C5-487AFEA92320} = {78B7D09E-D400-4763-9375-5663C921C4E1}
		{F1E82974-1B7E-45B4-B6F6-62074C445A25} = {78B7D09E-D400-4763-9375-5663C921C4E1}
		{573D5E93-E7D6-4EA9-8C33-E826DF6C7ED2} = {78B7D09E-D400-4763-9375-5663C921C4E1}
	EndGlobalSection
	GlobalSection(ProjectConfigurationPlatforms) = postSolution
		{8FC932AE-CEDC-418A-B173-5A810D848BB7}.Debug|Any CPU.ActiveCfg = Debug|Any CPU
		{8FC932AE-CEDC-418A-B173-5A810D848BB7}.Debug|Any CPU.Build.0 = Debug|Any CPU
		{8FC932AE-CEDC-418A-B173-5A810D848BB7}.Release|Any CPU.ActiveCfg = Release|Any CPU
		{8FC932AE-CEDC-418A-B173-5A810D848BB7}.Release|Any CPU.Build.0 = Release|Any CPU
		{86F9BF87-207D-4AC8-81C5-487AFEA92320}.Debug|Any CPU.ActiveCfg = Debug|Any CPU
		{86F9BF87-207D-4AC8-81C5-487AFEA92320}.Debug|Any CPU.Build.0 = Debug|Any CPU
		{86F9BF87-207D-4AC8-81C5-487AFEA92320}.Release|Any CPU.ActiveCfg = Release|Any CPU
		{86F9BF87-207D-4AC8-81C5-487AFEA92320}.Release|Any CPU.Build.0 = Release|Any CPU
		{F1E82974-1B7E-45B4-B6F6-62074C445A25}.Debug|Any CPU.ActiveCfg = Debug|Any CPU
		{F1E82974-1B7E-45B4-B6F6-62074C445A25}.Debug|Any CPU.Build.0 = Debug|Any CPU
		{F1E82974-1B7E-45B4-B6F6-62074C445A25}.Release|Any CPU.ActiveCfg = Release|Any CPU
		{F1E82974-1B7E-45B4-B6F6-62074C445A25}.Release|Any CPU.Build.0 = Release|Any CPU
		{573D5E93-E7D6-4EA9-8C33-E826DF6C7ED2}.Debug|Any CPU.ActiveCfg = Debug|Any CPU
		{573D5E93-E7D6-4EA9-8C33-E826DF6C7ED2}.Debug|Any CPU.Build.0 = Debug|Any CPU
		{573D5E93-E7D6-4EA9-8C33-E826DF6C7ED2}.Release|Any CPU.ActiveCfg = Release|Any CPU
		{573D5E93-E7D6-4EA9-8C33-E826DF6C7ED2}.Release|Any CPU.Build.0 = Release|Any CPU
	EndGlobalSection
EndGlobal
